{
  "nodes": {
    "nixpkgs": {
      "locked": {
        "lastModified": 1763283776,
        "narHash": "sha256-Y7TDFPK4GlqrKrivOcsHG8xSGqQx3A6c+i7novT85Uk=",
        "owner": "NixOS",
        "repo": "nixpkgs",
        "rev": "50a96edd8d0db6cc8db57dab6bb6d6ee1f3dc49a",
        "type": "github"
      },
      "original": {
        "owner": "NixOS",
        "ref": "nixos-unstable",
        "repo": "nixpkgs",
        "type": "github"
      }
    },
    "plex-desktop-flake": {
      "inputs": {
        "nixpkgs": [
          "nixpkgs"
        ]
      },
      "locked": {
        "dir": "flakes/plex-desktop",
        "lastModified": 1746209960,
        "narHash": "sha256-Wi+nW0OUl2pdInKtO/RQ/JBp5jtAnDPLZWyy1jbDCO4=",
        "owner": "calamooselabs",
        "repo": "antlers",
        "rev": "34b6b7f35933e0d947284e9c51472f8064f04181",
        "type": "github"
      },
      "original": {
        "dir": "flakes/plex-desktop",
        "owner": "calamooselabs",
        "ref": "master",
        "repo": "antlers",
        "type": "github"
      }
    },
    "root": {
      "inputs": {
        "nixpkgs": "nixpkgs",
        "plex-desktop-flake": "plex-desktop-flake",
        "zed-editor-flake": "zed-editor-flake"
      }
    },
    "zed-editor-flake": {
      "inputs": {
        "nixpkgs": [
          "nixpkgs"
        ]
      },
      "locked": {
        "dir": "flakes/zed-editor",
        "lastModified": 1746209960,
        "narHash": "sha256-Wi+nW0OUl2pdInKtO/RQ/JBp5jtAnDPLZWyy1jbDCO4=",
        "owner": "calamooselabs",
        "repo": "antlers",
        "rev": "34b6b7f35933e0d947284e9c51472f8064f04181",
        "type": "github"
      },
      "original": {
        "dir": "flakes/zed-editor",
        "owner": "calamooselabs",
        "ref": "master",
        "repo": "antlers",
        "type": "github"
      }
    }
  },
  "root": "root",
  "version": 7
}
